
Microsoft Visual Studio Solution File, Format Version 12.00
# Visual Studio Version 17
VisualStudioVersion = 17.1.32210.238
MinimumVisualStudioVersion = 10.0.40219.1
Project("{FAE04EC0-301F-11D3-BF4B-00C04F79EFBC}") = "ConsoleApp1", "ConsoleApp1\ConsoleApp1.csproj", "{9D51F3FE-BB32-4BAE-BF76-0928BB4A0741}"
EndProject
Global
	GlobalSection(SolutionConfigurationPlatforms) = preSolution
		Debug|Any CPU = Debug|Any CPU
		Release|Any CPU = Release|Any CPU
	EndGlobalSection
	GlobalSection(ProjectConfigurationPlatforms) = postSolution
		{9D51F3FE-BB32-4BAE-BF76-0928BB4A0741}.Debug|Any CPU.ActiveCfg = Debug|Any CPU
		{9D51F3FE-BB32-4BAE-BF76-0928BB4A0741}.Debug|Any CPU.Build.0 = Debug|Any CPU
		{9D51F3FE-BB32-4BAE-BF76-0928BB4A0741}.Release|Any CPU.ActiveCfg = Release|Any CPU
		{9D51F3FE-BB32-4BAE-BF76-0928BB4A0741}.Release|Any CPU.Build.0 = Release|Any CPU
	EndGlobalSection
	GlobalSection(SolutionProperties) = preSolution
		HideSolutionNode = FALSE
	EndGlobalSection
	GlobalSection(ExtensibilityGlobals) = postSolution
		SolutionGuid = {08C7592F-59A1-4E74-8F60-ABA1E200C610}
	EndGlobalSection
EndGlobal
